
Microsoft Visual Studio Solution File, Format Version 12.00
# Visual Studio Version 16
VisualStudioVersion = 16.0.31402.337
MinimumVisualStudioVersion = 10.0.40219.1
Project("{9A19103F-16F7-4668-BE54-9A1E7A4F7556}") = "BooksWarehouse", "BooksWarehouse\BooksWarehouse.csproj", "{ED524408-DE55-466D-B734-24FD61DE35C4}"
EndProject
Project("{9A19103F-16F7-4668-BE54-9A1E7A4F7556}") = "BooksWarehouseTests", "BooksWarehouseTests\BooksWarehouseTests.csproj", "{5C656F8A-E7F7-4D3C-B88B-5B5E75809354}"
EndProject
Project("{9A19103F-16F7-4668-BE54-9A1E7A4F7556}") = "BooksWebServices", "BooksWebServices\BooksWebServices.csproj", "{F5E65E75-0742-4CF4-ABA4-C74FB5D217C3}"
EndProject
Project("{F184B08F-C81C-45F6-A57F-5ABD9991F28F}") = "BooksWarehouseUi", "BooksWarehouseUi\BooksWarehouseUi.vbproj", "{96B0EFC7-17D5-44AB-A044-D84D633FCCF4}"
EndProject
Global
	GlobalSection(SolutionConfigurationPlatforms) = preSolution
		Debug|Any CPU = Debug|Any CPU
		Release|Any CPU = Release|Any CPU
	EndGlobalSection
	GlobalSection(ProjectConfigurationPlatforms) = postSolution
		{ED524408-DE55-466D-B734-24FD61DE35C4}.Debug|Any CPU.ActiveCfg = Debug|Any CPU
		{ED524408-DE55-466D-B734-24FD61DE35C4}.Debug|Any CPU.Build.0 = Debug|Any CPU
		{ED524408-DE55-466D-B734-24FD61DE35C4}.Release|Any CPU.ActiveCfg = Release|Any CPU
		{ED524408-DE55-466D-B734-24FD61DE35C4}.Release|Any CPU.Build.0 = Release|Any CPU
		{5C656F8A-E7F7-4D3C-B88B-5B5E75809354}.Debug|Any CPU.ActiveCfg = Debug|Any CPU
		{5C656F8A-E7F7-4D3C-B88B-5B5E75809354}.Debug|Any CPU.Build.0 = Debug|Any CPU
		{5C656F8A-E7F7-4D3C-B88B-5B5E75809354}.Release|Any CPU.ActiveCfg = Release|Any CPU
		{5C656F8A-E7F7-4D3C-B88B-5B5E75809354}.Release|Any CPU.Build.0 = Release|Any CPU
		{F5E65E75-0742-4CF4-ABA4-C74FB5D217C3}.Debug|Any CPU.ActiveCfg = Debug|Any CPU
		{F5E65E75-0742-4CF4-ABA4-C74FB5D217C3}.Debug|Any CPU.Build.0 = Debug|Any CPU
		{F5E65E75-0742-4CF4-ABA4-C74FB5D217C3}.Release|Any CPU.ActiveCfg = Release|Any CPU
		{F5E65E75-0742-4CF4-ABA4-C74FB5D217C3}.Release|Any CPU.Build.0 = Release|Any CPU
		{96B0EFC7-17D5-44AB-A044-D84D633FCCF4}.Debug|Any CPU.ActiveCfg = Debug|Any CPU
		{96B0EFC7-17D5-44AB-A044-D84D633FCCF4}.Debug|Any CPU.Build.0 = Debug|Any CPU
		{96B0EFC7-17D5-44AB-A044-D84D633FCCF4}.Release|Any CPU.ActiveCfg = Release|Any CPU
		{96B0EFC7-17D5-44AB-A044-D84D633FCCF4}.Release|Any CPU.Build.0 = Release|Any CPU
	EndGlobalSection
	GlobalSection(SolutionProperties) = preSolution
		HideSolutionNode = FALSE
	EndGlobalSection
	GlobalSection(ExtensibilityGlobals) = postSolution
		SolutionGuid = {18B12535-CC16-4D42-9F57-070B9D111B05}
	EndGlobalSection
EndGlobal
